
Microsoft Visual Studio Solution File, Format Version 12.00
# Visual Studio Version 17
VisualStudioVersion = 17.1.32328.378
MinimumVisualStudioVersion = 10.0.40219.1
Project("{FAE04EC0-301F-11D3-BF4B-00C04F79EFBC}") = "LineaEnfasis.Server", "LineaEnfasis\Server\LineaEnfasis.Server.csproj", "{C2F72023-0C31-4363-B637-D8D6C24E3A9A}"
EndProject
Project("{FAE04EC0-301F-11D3-BF4B-00C04F79EFBC}") = "LineaEnfasis.Client", "LineaEnfasis\Client\LineaEnfasis.Client.csproj", "{697271E7-3E6F-4883-BF04-2BD7B93F2954}"
EndProject
Project("{FAE04EC0-301F-11D3-BF4B-00C04F79EFBC}") = "LineaEnfasis.Shared", "LineaEnfasis\Shared\LineaEnfasis.Shared.csproj", "{9E412434-0EFB-4808-A4D0-9D816EEA7978}"
EndProject
Global
	GlobalSection(SolutionConfigurationPlatforms) = preSolution
		Debug|Any CPU = Debug|Any CPU
		Release|Any CPU = Release|Any CPU
	EndGlobalSection
	GlobalSection(ProjectConfigurationPlatforms) = postSolution
		{C2F72023-0C31-4363-B637-D8D6C24E3A9A}.Debug|Any CPU.ActiveCfg = Debug|Any CPU
		{C2F72023-0C31-4363-B637-D8D6C24E3A9A}.Debug|Any CPU.Build.0 = Debug|Any CPU
		{C2F72023-0C31-4363-B637-D8D6C24E3A9A}.Release|Any CPU.ActiveCfg = Release|Any CPU
		{C2F72023-0C31-4363-B637-D8D6C24E3A9A}.Release|Any CPU.Build.0 = Release|Any CPU
		{697271E7-3E6F-4883-BF04-2BD7B93F2954}.Debug|Any CPU.ActiveCfg = Debug|Any CPU
		{697271E7-3E6F-4883-BF04-2BD7B93F2954}.Debug|Any CPU.Build.0 = Debug|Any CPU
		{697271E7-3E6F-4883-BF04-2BD7B93F2954}.Release|Any CPU.ActiveCfg = Release|Any CPU
		{697271E7-3E6F-4883-BF04-2BD7B93F2954}.Release|Any CPU.Build.0 = Release|Any CPU
		{9E412434-0EFB-4808-A4D0-9D816EEA7978}.Debug|Any CPU.ActiveCfg = Debug|Any CPU
		{9E412434-0EFB-4808-A4D0-9D816EEA7978}.Debug|Any CPU.Build.0 = Debug|Any CPU
		{9E412434-0EFB-4808-A4D0-9D816EEA7978}.Release|Any CPU.ActiveCfg = Release|Any CPU
		{9E412434-0EFB-4808-A4D0-9D816EEA7978}.Release|Any CPU.Build.0 = Release|Any CPU
	EndGlobalSection
	GlobalSection(SolutionProperties) = preSolution
		HideSolutionNode = FALSE
	EndGlobalSection
	GlobalSection(ExtensibilityGlobals) = postSolution
		SolutionGuid = {75C8D401-C2B7-4D23-AC57-F1E543CC76A4}
	EndGlobalSection
EndGlobal
